---
lockfileVersion: '9.0'

importers:

  .:
    configDependencies: {}
    packageManagerDependencies:
      pnpm:
        specifier: 12.3.4
        version: 12.3.4

packages:

  '@pnpm/exe.darwin-arm64@12.3.4':
    resolution: {integrity: sha512-PAyUol8T1+/+ViOiXAt51ECA+QnfXCqz6foL4bW+LsoX0NcVd5XVEM2mRQu+LV4oc7uRz9zf9U0P+XFfuQeDAw==}
    cpu: [arm64]
    os: [darwin]

  '@pnpm/exe.darwin-x64@12.3.4':
    resolution: {integrity: sha512-fxP9JCk0Cdye+ePuj+GJJLMUMTqHGWRdb1dtv4How876uQ2ehxvenpgiYAir/ceO9PsYUZkFTtyZdx+rRu5QOA==}
    cpu: [x64]
    os: [darwin]

  '@pnpm/exe.linux-arm64-musl@12.3.4':
    resolution: {integrity: sha512-FBOt0/7ye6O6q4AllVV5QMviB6qE6fqkeczV/+MDWQsmo+QJrlfsh6X7CpH/tClVpBZEyIbjpUoT8bNhCYBxEg==}
    cpu: [arm64]
    os: [linux]
    libc: [musl]

  '@pnpm/exe.linux-arm64@12.3.4':
    resolution: {integrity: sha512-t71AVA7LRqiKTyZ5xMYaZc2n5DfdpMbfokZuiIOXHBOM03ECnF0t4iYwaBDqJgVjlKYUOwaF/bRQajGNA4cJ4w==}
    cpu: [arm64]
    os: [linux]
    libc: [glibc]

  '@pnpm/exe.linux-x64-musl@12.3.4':
    resolution: {integrity: sha512-RPmk7Jb/aYaFvL2iyDN/AtMY+hUEsue732WmXpcuQ9tBpMnGyA5py7Z3+e+qmQaJ0zY/4ni9jJiyPBQHujmv6w==}
    cpu: [x64]
    os: [linux]
    libc: [musl]

  '@pnpm/exe.linux-x64@12.3.4':
    resolution: {integrity: sha512-2ZqOlSPkfwX1h5cR+FPiWf8+F+2hZT/3TvhUK5sigHqwaQCIiq8R7CGxhndKs63JtcLi2a1Qpo+wX/EoyfjyJQ==}
    cpu: [x64]
    os: [linux]
    libc: [glibc]

  '@pnpm/exe.win32-arm64@12.3.4':
    resolution: {integrity: sha512-ANyrHqyqco6SXBysUTRF74itDyyraea7IbFsKFdNXTjcFnfycTDx37EwuhdpPYFNSIh2JhUG4fByclsRfiHX7w==}
    cpu: [arm64]
    os: [win32]

  '@pnpm/exe.win32-x64@12.3.4':
    resolution: {integrity: sha512-WH/KqBPY/hq2Tb7SgQltEZytimcjgKRaCRL/aM9CI0c67iKc5TVmHUhIiL3Ux9FB4bWn36i6XewUcScQI+zG8w==}
    cpu: [x64]
    os: [win32]

  pnpm@12.3.4:
    resolution: {integrity: sha512-lhqkH7B32joEpEHZ+OFevAyW2o73ELLrZ7+e58sGEOq9SPH9hfUc/+c4RnhfoPh8VqOocqHYk/hEZ0G1zORUVw==}
    engines: {node: '>=18.*'}
    hasBin: true

snapshots:

  '@pnpm/exe.darwin-arm64@12.3.4':
    optional: true

  '@pnpm/exe.darwin-x64@12.3.4':
    optional: true

  '@pnpm/exe.linux-arm64-musl@12.3.4':
    optional: true

  '@pnpm/exe.linux-arm64@12.3.4':
    optional: true

  '@pnpm/exe.linux-x64-musl@12.3.4':
    optional: true

  '@pnpm/exe.linux-x64@12.3.4':
    optional: true

  '@pnpm/exe.win32-arm64@12.3.4':
    optional: true

  '@pnpm/exe.win32-x64@12.3.4':
    optional: true

  pnpm@12.3.4:
    optionalDependencies:
      '@pnpm/exe.darwin-arm64': 12.3.4
      '@pnpm/exe.darwin-x64': 12.3.4
      '@pnpm/exe.linux-arm64': 12.3.4
      '@pnpm/exe.linux-arm64-musl': 12.3.4
      '@pnpm/exe.linux-x64': 12.3.4
      '@pnpm/exe.linux-x64-musl': 12.3.4
      '@pnpm/exe.win32-arm64': 12.3.4
      '@pnpm/exe.win32-x64': 12.3.4

---
lockfileVersion: '9.0'

settings:
  autoInstallPeers: true
  excludeLinksFromLockfile: false

overrides:
  zod: 4.6.1

importers:

  .:
    devDependencies:
      turbo:
        specifier: 2.10.12
        version: 2.10.12

  apps/legacy:
    devDependencies:
      '@tiptap/core':
        specifier: ^2.27.3
        version: 2.27.3(@tiptap/pm@2.27.3)
      '@tiptap/extension-link':
        specifier: ^2.27.3
        version: 2.27.3(@tiptap/core@2.27.3(@tiptap/pm@2.27.3))(@tiptap/pm@2.27.3)
      '@tiptap/extension-placeholder':
        specifier: ^2.27.3
        version: 2.27.3(@tiptap/core@2.27.3(@tiptap/pm@2.27.3))(@tiptap/pm@2.27.3)
      '@tiptap/extension-task-item':
        specifier: ^2.27.3
        version: 2.27.3(@tiptap/core@2.27.3(@tiptap/pm@2.27.3))(@tiptap/pm@2.27.3)
      '@tiptap/extension-task-list':
        specifier: ^2.27.3
        version: 2.27.3(@tiptap/core@2.27.3(@tiptap/pm@2.27.3))
      '@tiptap/pm':
        specifier: ^2.27.3
        version: 2.27.3
      '@tiptap/starter-kit':
        specifier: ^2.27.3
        version: 2.27.3
      esbuild:
        specifier: ^0.24.0
        version: 0.24.2

packages:

  '@esbuild/aix-ppc64@0.24.2':
    resolution: {integrity: sha512-thpVCb/rhxE/BnMLQ7GReQLLN8q9qbHmI55F4489/ByVg2aQaQ6kbcLb6FHkocZzQhxc4gx0sCk0tJkKBFzDhA==}
    engines: {node: '>=18'}
    cpu: [ppc64]
    os: [aix]

  '@esbuild/android-arm64@0.24.2':
    resolution: {integrity: sha512-cNLgeqCqV8WxfcTIOeL4OAtSmL8JjcN6m09XIgro1Wi7cF4t/THaWEa7eL5CMoMBdjoHOTh/vwTO/o2TRXIyzg==}
    engines: {node: '>=18'}
    cpu: [arm64]
    os: [android]

  '@esbuild/android-arm@0.24.2':
    resolution: {integrity: sha512-tmwl4hJkCfNHwFB3nBa8z1Uy3ypZpxqxfTQOcHX+xRByyYgunVbZ9MzUUfb0RxaHIMnbHagwAxuTL+tnNM+1/Q==}
    engines: {node: '>=18'}
    cpu: [arm]
    os: [android]

  '@esbuild/android-x64@0.24.2':
    resolution: {integrity: sha512-B6Q0YQDqMx9D7rvIcsXfmJfvUYLoP722bgfBlO5cGvNVb5V/+Y7nhBE3mHV9OpxBf4eAS2S68KZztiPaWq4XYw==}
    engines: {node: '>=18'}
    cpu: [x64]
    os: [android]

  '@esbuild/darwin-arm64@0.24.2':
    resolution: {integrity: sha512-kj3AnYWc+CekmZnS5IPu9D+HWtUI49hbnyqk0FLEJDbzCIQt7hg7ucF1SQAilhtYpIujfaHr6O0UHlzzSPdOeA==}
    engines: {node: '>=18'}
    cpu: [arm64]
    os: [darwin]

  '@esbuild/darwin-x64@0.24.2':
    resolution: {integrity: sha512-WeSrmwwHaPkNR5H3yYfowhZcbriGqooyu3zI/3GGpF8AyUdsrrP0X6KumITGA9WOyiJavnGZUwPGvxvwfWPHIA==}
    engines: {node: '>=18'}
    cpu: [x64]
    os: [darwin]

  '@esbuild/freebsd-arm64@0.24.2':
    resolution: {integrity: sha512-UN8HXjtJ0k/Mj6a9+5u6+2eZ2ERD7Edt1Q9IZiB5UZAIdPnVKDoG7mdTVGhHJIeEml60JteamR3qhsr1r8gXvg==}
    engines: {node: '>=18'}
    cpu: [arm64]
    os: [freebsd]

  '@esbuild/freebsd-x64@0.24.2':
    resolution: {integrity: sha512-TvW7wE/89PYW+IevEJXZ5sF6gJRDY/14hyIGFXdIucxCsbRmLUcjseQu1SyTko+2idmCw94TgyaEZi9HUSOe3Q==}
    engines: {node: '>=18'}
    cpu: [x64]
    os: [freebsd]

  '@esbuild/linux-arm64@0.24.2':
    resolution: {integrity: sha512-7HnAD6074BW43YvvUmE/35Id9/NB7BeX5EoNkK9obndmZBUk8xmJJeU7DwmUeN7tkysslb2eSl6CTrYz6oEMQg==}
    engines: {node: '>=18'}
    cpu: [arm64]
    os: [linux]

  '@esbuild/linux-arm@0.24.2':
    resolution: {integrity: sha512-n0WRM/gWIdU29J57hJyUdIsk0WarGd6To0s+Y+LwvlC55wt+GT/OgkwoXCXvIue1i1sSNWblHEig00GBWiJgfA==}
    engines: {node: '>=18'}
    cpu: [arm]
    os: [linux]

  '@esbuild/linux-ia32@0.24.2':
    resolution: {integrity: sha512-sfv0tGPQhcZOgTKO3oBE9xpHuUqguHvSo4jl+wjnKwFpapx+vUDcawbwPNuBIAYdRAvIDBfZVvXprIj3HA+Ugw==}
    engines: {node: '>=18'}
    cpu: [ia32]
    os: [linux]

  '@esbuild/linux-loong64@0.24.2':
    resolution: {integrity: sha512-CN9AZr8kEndGooS35ntToZLTQLHEjtVB5n7dl8ZcTZMonJ7CCfStrYhrzF97eAecqVbVJ7APOEe18RPI4KLhwQ==}
    engines: {node: '>=18'}
    cpu: [loong64]
    os: [linux]

  '@esbuild/linux-mips64el@0.24.2':
    resolution: {integrity: sha512-iMkk7qr/wl3exJATwkISxI7kTcmHKE+BlymIAbHO8xanq/TjHaaVThFF6ipWzPHryoFsesNQJPE/3wFJw4+huw==}
    engines: {node: '>=18'}
    cpu: [mips64el]
    os: [linux]

  '@esbuild/linux-ppc64@0.24.2':
    resolution: {integrity: sha512-shsVrgCZ57Vr2L8mm39kO5PPIb+843FStGt7sGGoqiiWYconSxwTiuswC1VJZLCjNiMLAMh34jg4VSEQb+iEbw==}
    engines: {node: '>=18'}
    cpu: [ppc64]
    os: [linux]

  '@esbuild/linux-riscv64@0.24.2':
    resolution: {integrity: sha512-4eSFWnU9Hhd68fW16GD0TINewo1L6dRrB+oLNNbYyMUAeOD2yCK5KXGK1GH4qD/kT+bTEXjsyTCiJGHPZ3eM9Q==}
    engines: {node: '>=18'}
    cpu: [riscv64]
    os: [linux]

  '@esbuild/linux-s390x@0.24.2':
    resolution: {integrity: sha512-S0Bh0A53b0YHL2XEXC20bHLuGMOhFDO6GN4b3YjRLK//Ep3ql3erpNcPlEFed93hsQAjAQDNsvcK+hV90FubSw==}
    engines: {node: '>=18'}
    cpu: [s390x]
    os: [linux]

  '@esbuild/linux-x64@0.24.2':
    resolution: {integrity: sha512-8Qi4nQcCTbLnK9WoMjdC9NiTG6/E38RNICU6sUNqK0QFxCYgoARqVqxdFmWkdonVsvGqWhmm7MO0jyTqLqwj0Q==}
    engines: {node: '>=18'}
    cpu: [x64]
    os: [linux]

  '@esbuild/netbsd-arm64@0.24.2':
    resolution: {integrity: sha512-wuLK/VztRRpMt9zyHSazyCVdCXlpHkKm34WUyinD2lzK07FAHTq0KQvZZlXikNWkDGoT6x3TD51jKQ7gMVpopw==}
    engines: {node: '>=18'}
    cpu: [arm64]
    os: [netbsd]

  '@esbuild/netbsd-x64@0.24.2':
    resolution: {integrity: sha512-VefFaQUc4FMmJuAxmIHgUmfNiLXY438XrL4GDNV1Y1H/RW3qow68xTwjZKfj/+Plp9NANmzbH5R40Meudu8mmw==}
    engines: {node: '>=18'}
    cpu: [x64]
    os: [netbsd]

  '@esbuild/openbsd-arm64@0.24.2':
    resolution: {integrity: sha512-YQbi46SBct6iKnszhSvdluqDmxCJA+Pu280Av9WICNwQmMxV7nLRHZfjQzwbPs3jeWnuAhE9Jy0NrnJ12Oz+0A==}
    engines: {node: '>=18'}
    cpu: [arm64]
    os: [openbsd]

  '@esbuild/openbsd-x64@0.24.2':
    resolution: {integrity: sha512-+iDS6zpNM6EnJyWv0bMGLWSWeXGN/HTaF/LXHXHwejGsVi+ooqDfMCCTerNFxEkM3wYVcExkeGXNqshc9iMaOA==}
    engines: {node: '>=18'}
    cpu: [x64]
    os: [openbsd]

  '@esbuild/sunos-x64@0.24.2':
    resolution: {integrity: sha512-hTdsW27jcktEvpwNHJU4ZwWFGkz2zRJUz8pvddmXPtXDzVKTTINmlmga3ZzwcuMpUvLw7JkLy9QLKyGpD2Yxig==}
    engines: {node: '>=18'}
    cpu: [x64]
    os: [sunos]

  '@esbuild/win32-arm64@0.24.2':
    resolution: {integrity: sha512-LihEQ2BBKVFLOC9ZItT9iFprsE9tqjDjnbulhHoFxYQtQfai7qfluVODIYxt1PgdoyQkz23+01rzwNwYfutxUQ==}
    engines: {node: '>=18'}
    cpu: [arm64]
    os: [win32]

  '@esbuild/win32-ia32@0.24.2':
    resolution: {integrity: sha512-q+iGUwfs8tncmFC9pcnD5IvRHAzmbwQ3GPS5/ceCyHdjXubwQWI12MKWSNSMYLJMq23/IUCvJMS76PDqXe1fxA==}
    engines: {node: '>=18'}
    cpu: [ia32]
    os: [win32]

  '@esbuild/win32-x64@0.24.2':
    resolution: {integrity: sha512-7VTgWzgMGvup6aSqDPLiW5zHaxYJGTO4OokMjIlrCtf+VpEL+cXKtCvg723iguPYI5oaUNdS+/V7OU2gvXVWEg==}
    engines: {node: '>=18'}
    cpu: [x64]
    os: [win32]

  '@remirror/core-constants@3.0.0':
    resolution: {integrity: sha512-42aWfPrimMfDKDi4YegyS7x+/0tlzaqwPQCULLanv3DMIlu96KTJR0fM5isWX2UViOqlGnX6YFgqWepcX+XMNg==}

  '@tiptap/core@2.27.3':
    resolution: {integrity: sha512-a5LfRbLpfaGI3hbL/LPHUYHI0I+FQHdSHsy8L4YnVIuu3hXcm3QZgkWbpEGf8hCz8krk6zEiu0+iFOjTySU2FA==}
    peerDependencies:
      '@tiptap/pm': ^2.7.0

  '@tiptap/extension-blockquote@2.27.3':
    resolution: {integrity: sha512-NwK7FUFF0CKGJt/qNDR7plL/9vkJQBy8ziiyn8lk3j/j6tAFlCpgBMj420A1T26ItDpwOCyyaq+PMWHML+E4VQ==}
    peerDependencies:
      '@tiptap/core': ^2.7.0

  '@tiptap/extension-bold@2.27.3':
    resolution: {integrity: sha512-d5tQLAl5nHNrHNkBEgHJ0GYQ52iAsq83fUiKnDxPWuF6leKMOtkUBt9rw918p/L6MPg/MHROZ3Qt4Q+lmVYbfQ==}
    peerDependencies:
      '@tiptap/core': ^2.7.0

  '@tiptap/extension-bullet-list@2.27.3':
    resolution: {integrity: sha512-LEYkcuCCHYDm6NHWZRIl3Lpac1jXFhABZZpEj+V/ypPgPwKQSIzUMCySHXXNCUQOK3ipF0Z+O18kFnekag8ZLQ==}
    peerDependencies:
      '@tiptap/core': ^2.7.0

  '@tiptap/extension-code-block@2.27.3':
    resolution: {integrity: sha512-vzIt0orLs/59WlMOR8f9ULmwRLlOE1YB+zQuPdBVSRCOxVUYRUwtf7m1lOPNKKdorHadDpvWsT0hFMeNoyqQpQ==}
    peerDependencies:
      '@tiptap/core': ^2.7.0
      '@tiptap/pm': ^2.7.0

  '@tiptap/extension-code@2.27.3':
    resolution: {integrity: sha512-gETwHmS1NsQsBEeSOtd/erAQpiRRPyd2dg2HCrIASdiSApVbOfOnSfoHPrHDUp66S8WI5aR9j+d7e4Zz/gmorQ==}
    peerDependencies:
      '@tiptap/core': ^2.7.0

  '@tiptap/extension-document@2.27.3':
    resolution: {integrity: sha512-U10TnvBa6WTjBu64U4gn/HaxkBs/96q0U6mKH0PO9Ab0n3Bf/iN4HMtix2TEa3qWlJ8peVk9/RBwjyxNVNub4w==}
    peerDependencies:
      '@tiptap/core': ^2.7.0

  '@tiptap/extension-dropcursor@2.27.3':
    resolution: {integrity: sha512-dIBb5AdfoNx2bCnwP3W1e3qez5s/XxrBBT3agtDt+VYOdx0Mi9MgT6GpGF+zfE2nnB7I0bYPfe2Z8cBqP9CU1w==}
    peerDependencies:
      '@tiptap/core': ^2.7.0
      '@tiptap/pm': ^2.7.0

  '@tiptap/extension-gapcursor@2.27.3':
    resolution: {integrity: sha512-GhK8Xl0jlJJkeJhdMfItCyselxGDt44UmaYTB3mSpH3dbvjT/NvYx7ABrPlRffogvRJ6eIi4ebU5FRuGYDmAuA==}
    peerDependencies:
      '@tiptap/core': ^2.7.0
      '@tiptap/pm': ^2.7.0

  '@tiptap/extension-hard-break@2.27.3':
    resolution: {integrity: sha512-lvjELj0ZOgbgVNkUb3tQ0t96PLXybDTjL5nUyobkgIpkSUZTnuuXU9imiH7O/+frDiTCQ+Xp//VUB1XaMylfdg==}
    peerDependencies:
      '@tiptap/core': ^2.7.0

  '@tiptap/extension-heading@2.27.3':
    resolution: {integrity: sha512-VWcj9b5VAhMJSAeG8xZyzCaVCcwmBGJL2k77lE2ZQaCS/jSvKUTN5ntd/1vwLrmaduciB7FmdVgOmWFcODyX1Q==}
    peerDependencies:
      '@tiptap/core': ^2.7.0

  '@tiptap/extension-history@2.27.3':
    resolution: {integrity: sha512-btT7Teg9xtWbv9q6uc38aIQbZsbMhgNu1NGLf7nLf7Vqzm+GRCpRF5EzlF9RpwEPtC2j1bxrDzpy427Su1qF7w==}
    peerDependencies:
      '@tiptap/core': ^2.7.0
      '@tiptap/pm': ^2.7.0

  '@tiptap/extension-horizontal-rule@2.27.3':
    resolution: {integrity: sha512-G9ENe55ykj1dt5FCNAySQUh17ev5wvvGreSt3vvaCOHBPWaEdMARTGISn30X2fSPUVntTeYSB+oPP3XClunLEw==}
    peerDependencies:
      '@tiptap/core': ^2.7.0
      '@tiptap/pm': ^2.7.0

  '@tiptap/extension-italic@2.27.3':
    resolution: {integrity: sha512-ycgP6h7QQ4WXojOlH7gQEWwzNEzkIkVzdfH6jAZtZ2nw71L5KO1t5kt6Iu382CmQa60skDTuErbfiBUx7a3e2A==}
    peerDependencies:
      '@tiptap/core': ^2.7.0

  '@tiptap/extension-link@2.27.3':
    resolution: {integrity: sha512-0KF+iweOlegWjsRDJO7EZL1bmmcghNmjPbcSvvyeF19Lh7Nit44dYV0w1JCDvweRRAXECYFXpxZTcIvSf0fEng==}
    peerDependencies:
      '@tiptap/core': ^2.7.0
      '@tiptap/pm': ^2.7.0

  '@tiptap/extension-list-item@2.27.3':
    resolution: {integrity: sha512-jWh5tZdNiZDx8X3jKV80EM6zMfUeRD3HKNVGcj5izqNncgH+/jJtF3hDmpP0nbFmhren8BQFo6W5f9L/GqtAVA==}
    peerDependencies:
      '@tiptap/core': ^2.7.0

  '@tiptap/extension-ordered-list@2.27.3':
    resolution: {integrity: sha512-RvxSnE8rpiMSosD7ANCsyA+7XPEz0R6mDOFlORMqAf+NnPfCnH8dguVuKBGOdodPj69NcTSlA/6VBCS+3J0CLw==}
    peerDependencies:
      '@tiptap/core': ^2.7.0

  '@tiptap/extension-paragraph@2.27.3':
    resolution: {integrity: sha512-Nbevu3wZk212NDpp1FaN05UbTHA4NHP2B5bAmkP8z3I+/ITvEgp7p9vFqJxZhe7fmqCSFlzhKj8ibmBc+Iu4CQ==}
    peerDependencies:
      '@tiptap/core': ^2.7.0

  '@tiptap/extension-placeholder@2.27.3':
    resolution: {integrity: sha512-t71nSCWVLVnS4QxNmZsdaqgerypVxcYVSwBDCqNvPuGLgmj665gy6sOJ+MGjGgvAaFvKb+QiDS6Lb5GoP8iM3w==}
    peerDependencies:
      '@tiptap/core': ^2.7.0
      '@tiptap/pm': ^2.7.0

  '@tiptap/extension-strike@2.27.3':
    resolution: {integrity: sha512-9Ax1UIRDOdPk/bGnHbKM39Bw+Zb0PV8IInlT6hr8K1or0wWZuiyE4zlKP3bhAB6IcDr4mJLJQ6TEmxKihivC5A==}
    peerDependencies:
      '@tiptap/core': ^2.7.0

  '@tiptap/extension-task-item@2.27.3':
    resolution: {integrity: sha512-7ES+qMoMgjb2iXI8iRzgegMeM1pE4zQAekT/5lQyuTv6oEyZw5s3TUZWeTYCq5TI/MezYGu3X2sV5PQnfBAsdA==}
    peerDependencies:
      '@tiptap/core': ^2.7.0
      '@tiptap/pm': ^2.7.0

  '@tiptap/extension-task-list@2.27.3':
    resolution: {integrity: sha512-T8Y3S95ZzYlh82KGd0H81QOsJZVWweUVps6l7wkiOReNsJxhkb4qW/smNE0TeNhvbU307emiPL0CH5e+eHxjEg==}
    peerDependencies:
      '@tiptap/core': ^2.7.0

  '@tiptap/extension-text-style@2.27.3':
    resolution: {integrity: sha512-Z4ZKju7vA2vUCeWVgEWERHvnln6XtgEMcb29xW8i25dSrw5Qefn/b+ym7JPkaMvjWbbQ+5VtECiaEYdL3rRH6Q==}
    peerDependencies:
      '@tiptap/core': ^2.7.0

  '@tiptap/extension-text@2.27.3':
    resolution: {integrity: sha512-9VnSK7qXUuZevNzE0FIymbc8BbY5X+0k4NxxO2dtPBOX4IoNHcWzmpLcuCggd3uN6XYLAXhDi/w2hkmBtig8Mw==}
    peerDependencies:
      '@tiptap/core': ^2.7.0

  '@tiptap/pm@2.27.3':
    resolution: {integrity: sha512-E9mBCSwe8YdWXvpjRMqddx4Yd5lEj+EprNM+4J+MtBXPGFZCUAa90rkOKU4m+Pn7rd1N5s7wRsExqFco79twbg==}

  '@tiptap/starter-kit@2.27.3':
    resolution: {integrity: sha512-xqglSBavS4PDCWVFVruQPPRbmisWatXu7PZvzZSbR6HrLEX4ccRC3fNayRy9dUgDhuh2iLtEaXkVmy1Sd8DjBw==}

  '@turbo/darwin-64@2.10.12':
    resolution: {integrity: sha512-9nKgKoF6ZOUsM+or0OtNf+TTJSfGvDNP7ZFv/ZGWVwOSCkumyctQiTeHwB4UNljHTnC41AqylgbunLDHoccNrA==}
    cpu: [x64]
    os: [darwin]

  '@turbo/darwin-arm64@2.10.12':
    resolution: {integrity: sha512-H4Elb1jqTZVeIC9bbcNwjSzemZ6RegoTOVHeuV5Osirt2Z8UguTyisMEkvZjPVZgMeN9J4ERZBFad40tFnkb7w==}
    cpu: [arm64]
    os: [darwin]

  '@turbo/linux-64@2.10.12':
    resolution: {integrity: sha512-lr7KIotukvjZwEXiFSYAeOH3BWzjFVBbSzTbv0fuGFsNukYyH0+g1hB5ecqnJkgkYU+KHEMG1edOhnjiKON1wQ==}
    cpu: [x64]
    os: [android, linux]

  '@turbo/linux-arm64@2.10.12':
    resolution: {integrity: sha512-f0pZDTtvzB5SuNwuXBaKbZHUCMCukgc8nMlHEuvLmj91Fzec+MEbr3cAvGNor5htEDqZnO6Lxt9N/GPI/77oGA==}
    cpu: [arm64]
    os: [android, linux]

  '@turbo/windows-64@2.10.12':
    resolution: {integrity: sha512-SDOueJRjS/QcykWf2KCRtTLmIl5YMKsLbXkXQGhDwcTXvKXZiS5ih5lBl/gkwZIpYFjqA/rAlfMzlAFcVHNe0g==}
    cpu: [x64]
    os: [win32]

  '@turbo/windows-arm64@2.10.12':
    resolution: {integrity: sha512-0i0mVUa4kKk+/B3RwEwPMf9CB+T7ul56hn5FFHNA4VUNTOoLBEd6aNf3FaKfCatDNZ6cicCEf6if9QUTVyzzcA==}
    cpu: [arm64]
    os: [win32]

  '@types/linkify-it@5.0.0':
    resolution: {integrity: sha512-sVDA58zAw4eWAffKOaQH5/5j3XeayukzDk+ewSsnv3p4yJEZHCCzMDiZM8e0OUrRvmpGZ85jf4yDHkHsgBNr9Q==}

  '@types/markdown-it@14.2.0':
    resolution: {integrity: sha512-NoQ2yGlLWj4wpxMs+TYmRKk3thDrQ97agr7sFqfLsAlvoS8SNQuTrlObhFqG9iugdTtgOE9jpJ6FNM4ZGsa5xQ==}

  '@types/mdurl@2.0.0':
    resolution: {integrity: sha512-RGdgjQUZba5p6QEFAVx2OGb8rQDL/cPRG7GiedRzMcJ1tYnUANBncjbSB1NRGwbvjcPeikRABz2nshyPk1bhWg==}

  argparse@2.0.1:
    resolution: {integrity: sha512-8+9WqebbFzpX9OR+Wa6O29asIogeRMzcGtAINdpMHHyAg10f05aSFVBbcEqGf/PXw1EjAZ+q2/bEBg3DvurK3Q==}

  crelt@1.0.7:
    resolution: {integrity: sha512-aK6BbWfhf4U/wCcLHKPJl/xa6VkVstRaPywWtMKGwuOLc/wZTyQYuoxgvZnNsBvv7Kg3YTBQYYBCggcviQczuA==}

  entities@4.5.0:
    resolution: {integrity: sha512-V0hjH4dGPh9Ao5p0MoRY6BVqtwCjhz6vI5LT8AJ55H+4g9/4vbHx1I54fS0XuclLhDHArPQCiMjDxjaL8fPxhw==}
    engines: {node: '>=0.12'}

  esbuild@0.24.2:
    resolution: {integrity: sha512-+9egpBW8I3CD5XPe0n6BfT5fxLzxrlDzqydF3aviG+9ni1lDC/OvMHcxqEFV0+LANZG5R1bFMWfUrjVsdwxJvA==}
    engines: {node: '>=18'}
    hasBin: true

  escape-string-regexp@4.0.0:
    resolution: {integrity: sha512-TtpcNJ3XAzx3Gq8sWRzJaVajRs0uVxA2YAkdb1jm2YkPz4G6egUFAyA3n5vtEIZefPk5Wa4UXbKuS5fKkJWdgA==}
    engines: {node: '>=10'}

  linkify-it@5.0.2:
    resolution: {integrity: sha512-ONTm2jCMAVZjgQa/Fy1kScXsuOoF5NPTsoFBdE1KVIZ2vAh/r9+Bqo+0jINCBYnavTPQZz38QzFTme79ENoN3Q==}

  linkifyjs@4.3.3:
    resolution: {integrity: sha512-P8aEP5U/D1/IlTY2OeYsErdwh9bGuLE30NcXtKEjgdHcahveQoQwM2yZNsioQHsWFz0P7KKudisbrzCgR0sDHg==}

  markdown-it@14.3.1:
    resolution: {integrity: sha512-4Ej49aYTDFIQ+uBkfX8GBvJGccoARxxPep+7aWTs55ozbjQJpW9M26Fe53vnGgvLeVzva/amzjQQaQu9w0vMhA==}
    hasBin: true

  mdurl@2.1.0:
    resolution: {integrity: sha512-1+HBaOx0zi/dQWht8rNv9MYf9qqpqL/kxI0hXImU6Y547zM6Sni8BQibt7ifgMcYtQg41ao3Ivd6cnSM86inpg==}

  orderedmap@2.1.1:
    resolution: {integrity: sha512-TvAWxi0nDe1j/rtMcWcIj94+Ffe6n7zhow33h40SKxmsmozs6dz/e+EajymfoFcHd7sxNn8yHM8839uixMOV6g==}

  prosemirror-changeset@2.4.2:
    resolution: {integrity: sha512-ViYrjMSg3YFiXwIhKaluu+/mi3Yrxt6AR8ri14ulTaGcZtXO1CThl7A2gv79qx5fQnOw8woKwyBU2u+9PVCm3w==}

  prosemirror-collab@1.3.1:
    resolution: {integrity: sha512-4SnynYR9TTYaQVXd/ieUvsVV4PDMBzrq2xPUWutHivDuOshZXqQ5rGbZM84HEaXKbLdItse7weMGOUdDVcLKEQ==}

  prosemirror-commands@1.7.2:
    resolution: {integrity: sha512-q6Q6szxqdu9Xd6EcdKsqXghu5nQdZTpB4Q9yd04WRc7/jt763e/rT60Owh0L1GYY+T46o5rD+9lEN36dZS43tw==}

  prosemirror-dropcursor@1.8.3:
    resolution: {integrity: sha512-FoYbsJR8gK+DGlqhNoE29Loa38eIZPzQRIb1VMaDNBoo4OLP6vVof/jR8qFY/6XvUd6Dhug8MDCHl2a/h8RTfQ==}

  prosemirror-gapcursor@1.4.1:
    resolution: {integrity: sha512-pMdYaEnjNMSwl11yjEGtgTmLkR08m/Vl+Jj443167p9eB3HVQKhYCc4gmHVDsLPODfZfjr/MmirsdyZziXbQKw==}

  prosemirror-history@1.5.0:
    resolution: {integrity: sha512-zlzTiH01eKA55UAf1MEjtssJeHnGxO0j4K4Dpx+gnmX9n+SHNlDqI2oO1Kv1iPN5B1dm5fsljCfqKF9nFL6HRg==}

  prosemirror-inputrules@1.5.1:
    resolution: {integrity: sha512-7wj4uMjKaXWAQ1CDgxNzNtR9AlsuwzHfdFH1ygEHA2KHF2DOEaXl1CJfNPAKCg9qNEh4rum975QLaCiQPyY6Fw==}

  prosemirror-keymap@1.2.3:
    resolution: {integrity: sha512-4HucRlpiLd1IPQQXNqeo81BGtkY8Ai5smHhKW9jjPKRc2wQIxksg7Hl1tTI2IfT2B/LgX6bfYvXxEpJl7aKYKw==}

  prosemirror-markdown@1.13.7:
    resolution: {integrity: sha512-NV57Oxe3fXR+bNGXS5XW4sKt/XGIyY3n0eHVUoJORcismeF4FFMpLBnl0YESy2BvJQHloexX+9P+zT3VqFj/CQ==}

  prosemirror-menu@1.3.2:
    resolution: {integrity: sha512-6VgUJTYod0nMBlCaYJGhXGLu7Gt4AvcwcOq0YfJCY/6Uh+3S7UsWhpy6rJFCBFOmonq1hD8KyWOtZhkppd4YPg==}

  prosemirror-model@1.25.11:
    resolution: {integrity: sha512-QWg9RhnpLlogAmp3p96uEFrE5txQpFynd4vhBAELkwgOCWQs/X0yCzB3/hrHqiPwf91RG5KyWq6553zs9JqIOQ==}

  prosemirror-schema-basic@1.2.4:
    resolution: {integrity: sha512-ELxP4TlX3yr2v5rM7Sb70SqStq5NvI15c0j9j/gjsrO5vaw+fnnpovCLEGIcpeGfifkuqJwl4fon6b+KdrODYQ==}

  prosemirror-schema-list@1.5.1:
    resolution: {integrity: sha512-927lFx/uwyQaGwJxLWCZRkjXG0p48KpMj6ueoYiu4JX05GGuGcgzAy62dfiV8eFZftgyBUvLx76RsMe20fJl+Q==}

  prosemirror-state@1.4.4:
    resolution: {integrity: sha512-6jiYHH2CIGbCfnxdHbXZ12gySFY/fz/ulZE333G6bPqIZ4F+TXo9ifiR86nAHpWnfoNjOb3o5ESi7J8Uz1jXHw==}

  prosemirror-tables@1.8.5:
    resolution: {integrity: sha512-V/0cDCsHKHe/tfWkeCmthNUcEp1IVO3p6vwN8XtwE9PZQLAZJigbw3QoraAdfJPir4NKJtNvOB8oYGKRl+t0Dw==}

  prosemirror-trailing-node@3.0.0:
    resolution: {integrity: sha512-xiun5/3q0w5eRnGYfNlW1uU9W6x5MoFKWwq/0TIRgt09lv7Hcser2QYV8t4muXbEr+Fwo0geYn79Xs4GKywrRQ==}
    peerDependencies:
      prosemirror-model: ^1.22.1
      prosemirror-state: ^1.4.2
      prosemirror-view: ^1.33.8

  prosemirror-transform@1.12.1:
    resolution: {integrity: sha512-t4F5615FycnCqsX7ShTUs8+jfnwcf46kuFRvSl/3qFx2QTZ4DjgowesLHQXcFP7G//TjesqZG3WtgL7vdyVJyA==}

  prosemirror-view@1.42.3:
    resolution: {integrity: sha512-oTN7EtH+CpwxU9NrwEYWd0UZ4JUx7l048l5A2Xppm4p/60isZYLnth9QVQmC3VRIvdrIWCxwZSd+Uz791G31/w==}

  punycode.js@2.3.1:
    resolution: {integrity: sha512-uxFIHU0YlHYhDQtV4R9J6a52SLx28BCjT+4ieh7IGbgwVJWO+km431c4yRlREUAsAmt/uMjQUyQHNEPf0M39CA==}
    engines: {node: '>=6'}

  rope-sequence@1.3.4:
    resolution: {integrity: sha512-UT5EDe2cu2E/6O4igUr5PSFs23nvvukicWHx6GnOPlHAiiYbzNuCRQCuiUdHJQcqKalLKlrYJnjY0ySGsXNQXQ==}

  turbo@2.10.12:
    resolution: {integrity: sha512-AswgMPnpOoaVZHrrSBejETzEbuIA69OVGwfkHwfrY0A23VjWXBANzgq9+OymWOHAIArB7D1+1z498WY8fGg1Jw==}
    hasBin: true

  uc.micro@2.1.0:
    resolution: {integrity: sha512-ARDJmphmdvUk6Glw7y9DQ2bFkKBHwQHLi2lsaH6PPmz/Ka9sFOBsBluozhDltWmnv9u/cF6Rt87znRTPV+yp/A==}

  w3c-keyname@2.2.8:
    resolution: {integrity: sha512-dpojBhNsCNN7T82Tm7k26A6G9ML3NkhDsnw9n/eoxSRlVBB4CEtIQ/KTCLI2Fwf3ataSXRhYFkQi3SlnFwPvPQ==}

snapshots:

  '@esbuild/aix-ppc64@0.24.2':
    optional: true

  '@esbuild/android-arm64@0.24.2':
    optional: true

  '@esbuild/android-arm@0.24.2':
    optional: true

  '@esbuild/android-x64@0.24.2':
    optional: true

  '@esbuild/darwin-arm64@0.24.2':
    optional: true

  '@esbuild/darwin-x64@0.24.2':
    optional: true

  '@esbuild/freebsd-arm64@0.24.2':
    optional: true

  '@esbuild/freebsd-x64@0.24.2':
    optional: true

  '@esbuild/linux-arm64@0.24.2':
    optional: true

  '@esbuild/linux-arm@0.24.2':
    optional: true

  '@esbuild/linux-ia32@0.24.2':
    optional: true

  '@esbuild/linux-loong64@0.24.2':
    optional: true

  '@esbuild/linux-mips64el@0.24.2':
    optional: true

  '@esbuild/linux-ppc64@0.24.2':
    optional: true

  '@esbuild/linux-riscv64@0.24.2':
    optional: true

  '@esbuild/linux-s390x@0.24.2':
    optional: true

  '@esbuild/linux-x64@0.24.2':
    optional: true

  '@esbuild/netbsd-arm64@0.24.2':
    optional: true

  '@esbuild/netbsd-x64@0.24.2':
    optional: true

  '@esbuild/openbsd-arm64@0.24.2':
    optional: true

  '@esbuild/openbsd-x64@0.24.2':
    optional: true

  '@esbuild/sunos-x64@0.24.2':
    optional: true

  '@esbuild/win32-arm64@0.24.2':
    optional: true

  '@esbuild/win32-ia32@0.24.2':
    optional: true

  '@esbuild/win32-x64@0.24.2':
    optional: true

  '@remirror/core-constants@3.0.0': {}

  '@tiptap/core@2.27.3(@tiptap/pm@2.27.3)':
    dependencies:
      '@tiptap/pm': 2.27.3

  '@tiptap/extension-blockquote@2.27.3(@tiptap/core@2.27.3(@tiptap/pm@2.27.3))':
    dependencies:
      '@tiptap/core': 2.27.3(@tiptap/pm@2.27.3)

  '@tiptap/extension-bold@2.27.3(@tiptap/core@2.27.3(@tiptap/pm@2.27.3))':
    dependencies:
      '@tiptap/core': 2.27.3(@tiptap/pm@2.27.3)

  '@tiptap/extension-bullet-list@2.27.3(@tiptap/core@2.27.3(@tiptap/pm@2.27.3))':
    dependencies:
      '@tiptap/core': 2.27.3(@tiptap/pm@2.27.3)

  '@tiptap/extension-code-block@2.27.3(@tiptap/core@2.27.3(@tiptap/pm@2.27.3))(@tiptap/pm@2.27.3)':
    dependencies:
      '@tiptap/core': 2.27.3(@tiptap/pm@2.27.3)
      '@tiptap/pm': 2.27.3

  '@tiptap/extension-code@2.27.3(@tiptap/core@2.27.3(@tiptap/pm@2.27.3))':
    dependencies:
      '@tiptap/core': 2.27.3(@tiptap/pm@2.27.3)

  '@tiptap/extension-document@2.27.3(@tiptap/core@2.27.3(@tiptap/pm@2.27.3))':
    dependencies:
      '@tiptap/core': 2.27.3(@tiptap/pm@2.27.3)

  '@tiptap/extension-dropcursor@2.27.3(@tiptap/core@2.27.3(@tiptap/pm@2.27.3))(@tiptap/pm@2.27.3)':
    dependencies:
      '@tiptap/core': 2.27.3(@tiptap/pm@2.27.3)
      '@tiptap/pm': 2.27.3

  '@tiptap/extension-gapcursor@2.27.3(@tiptap/core@2.27.3(@tiptap/pm@2.27.3))(@tiptap/pm@2.27.3)':
    dependencies:
      '@tiptap/core': 2.27.3(@tiptap/pm@2.27.3)
      '@tiptap/pm': 2.27.3

  '@tiptap/extension-hard-break@2.27.3(@tiptap/core@2.27.3(@tiptap/pm@2.27.3))':
    dependencies:
      '@tiptap/core': 2.27.3(@tiptap/pm@2.27.3)

  '@tiptap/extension-heading@2.27.3(@tiptap/core@2.27.3(@tiptap/pm@2.27.3))':
    dependencies:
      '@tiptap/core': 2.27.3(@tiptap/pm@2.27.3)

  '@tiptap/extension-history@2.27.3(@tiptap/core@2.27.3(@tiptap/pm@2.27.3))(@tiptap/pm@2.27.3)':
    dependencies:
      '@tiptap/core': 2.27.3(@tiptap/pm@2.27.3)
      '@tiptap/pm': 2.27.3

  '@tiptap/extension-horizontal-rule@2.27.3(@tiptap/core@2.27.3(@tiptap/pm@2.27.3))(@tiptap/pm@2.27.3)':
    dependencies:
      '@tiptap/core': 2.27.3(@tiptap/pm@2.27.3)
      '@tiptap/pm': 2.27.3

  '@tiptap/extension-italic@2.27.3(@tiptap/core@2.27.3(@tiptap/pm@2.27.3))':
    dependencies:
      '@tiptap/core': 2.27.3(@tiptap/pm@2.27.3)

  '@tiptap/extension-link@2.27.3(@tiptap/core@2.27.3(@tiptap/pm@2.27.3))(@tiptap/pm@2.27.3)':
    dependencies:
      '@tiptap/core': 2.27.3(@tiptap/pm@2.27.3)
      '@tiptap/pm': 2.27.3
      linkifyjs: 4.3.3

  '@tiptap/extension-list-item@2.27.3(@tiptap/core@2.27.3(@tiptap/pm@2.27.3))':
    dependencies:
      '@tiptap/core': 2.27.3(@tiptap/pm@2.27.3)

  '@tiptap/extension-ordered-list@2.27.3(@tiptap/core@2.27.3(@tiptap/pm@2.27.3))':
    dependencies:
      '@tiptap/core': 2.27.3(@tiptap/pm@2.27.3)

  '@tiptap/extension-paragraph@2.27.3(@tiptap/core@2.27.3(@tiptap/pm@2.27.3))':
    dependencies:
      '@tiptap/core': 2.27.3(@tiptap/pm@2.27.3)

  '@tiptap/extension-placeholder@2.27.3(@tiptap/core@2.27.3(@tiptap/pm@2.27.3))(@tiptap/pm@2.27.3)':
    dependencies:
      '@tiptap/core': 2.27.3(@tiptap/pm@2.27.3)
      '@tiptap/pm': 2.27.3

  '@tiptap/extension-strike@2.27.3(@tiptap/core@2.27.3(@tiptap/pm@2.27.3))':
    dependencies:
      '@tiptap/core': 2.27.3(@tiptap/pm@2.27.3)

  '@tiptap/extension-task-item@2.27.3(@tiptap/core@2.27.3(@tiptap/pm@2.27.3))(@tiptap/pm@2.27.3)':
    dependencies:
      '@tiptap/core': 2.27.3(@tiptap/pm@2.27.3)
      '@tiptap/pm': 2.27.3

  '@tiptap/extension-task-list@2.27.3(@tiptap/core@2.27.3(@tiptap/pm@2.27.3))':
    dependencies:
      '@tiptap/core': 2.27.3(@tiptap/pm@2.27.3)

  '@tiptap/extension-text-style@2.27.3(@tiptap/core@2.27.3(@tiptap/pm@2.27.3))':
    dependencies:
      '@tiptap/core': 2.27.3(@tiptap/pm@2.27.3)

  '@tiptap/extension-text@2.27.3(@tiptap/core@2.27.3(@tiptap/pm@2.27.3))':
    dependencies:
      '@tiptap/core': 2.27.3(@tiptap/pm@2.27.3)

  '@tiptap/pm@2.27.3':
    dependencies:
      prosemirror-changeset: 2.4.2
      prosemirror-collab: 1.3.1
      prosemirror-commands: 1.7.2
      prosemirror-dropcursor: 1.8.3
      prosemirror-gapcursor: 1.4.1
      prosemirror-history: 1.5.0
      prosemirror-inputrules: 1.5.1
      prosemirror-keymap: 1.2.3
      prosemirror-markdown: 1.13.7
      prosemirror-menu: 1.3.2
      prosemirror-model: 1.25.11
      prosemirror-schema-basic: 1.2.4
      prosemirror-schema-list: 1.5.1
      prosemirror-state: 1.4.4
      prosemirror-tables: 1.8.5
      prosemirror-trailing-node: 3.0.0(prosemirror-model@1.25.11)(prosemirror-state@1.4.4)(prosemirror-view@1.42.3)
      prosemirror-transform: 1.12.1
      prosemirror-view: 1.42.3

  '@tiptap/starter-kit@2.27.3':
    dependencies:
      '@tiptap/core': 2.27.3(@tiptap/pm@2.27.3)
      '@tiptap/extension-blockquote': 2.27.3(@tiptap/core@2.27.3(@tiptap/pm@2.27.3))
      '@tiptap/extension-bold': 2.27.3(@tiptap/core@2.27.3(@tiptap/pm@2.27.3))
      '@tiptap/extension-bullet-list': 2.27.3(@tiptap/core@2.27.3(@tiptap/pm@2.27.3))
      '@tiptap/extension-code': 2.27.3(@tiptap/core@2.27.3(@tiptap/pm@2.27.3))
      '@tiptap/extension-code-block': 2.27.3(@tiptap/core@2.27.3(@tiptap/pm@2.27.3))(@tiptap/pm@2.27.3)
      '@tiptap/extension-document': 2.27.3(@tiptap/core@2.27.3(@tiptap/pm@2.27.3))
      '@tiptap/extension-dropcursor': 2.27.3(@tiptap/core@2.27.3(@tiptap/pm@2.27.3))(@tiptap/pm@2.27.3)
      '@tiptap/extension-gapcursor': 2.27.3(@tiptap/core@2.27.3(@tiptap/pm@2.27.3))(@tiptap/pm@2.27.3)
      '@tiptap/extension-hard-break': 2.27.3(@tiptap/core@2.27.3(@tiptap/pm@2.27.3))
      '@tiptap/extension-heading': 2.27.3(@tiptap/core@2.27.3(@tiptap/pm@2.27.3))
      '@tiptap/extension-history': 2.27.3(@tiptap/core@2.27.3(@tiptap/pm@2.27.3))(@tiptap/pm@2.27.3)
      '@tiptap/extension-horizontal-rule': 2.27.3(@tiptap/core@2.27.3(@tiptap/pm@2.27.3))(@tiptap/pm@2.27.3)
      '@tiptap/extension-italic': 2.27.3(@tiptap/core@2.27.3(@tiptap/pm@2.27.3))
      '@tiptap/extension-list-item': 2.27.3(@tiptap/core@2.27.3(@tiptap/pm@2.27.3))
      '@tiptap/extension-ordered-list': 2.27.3(@tiptap/core@2.27.3(@tiptap/pm@2.27.3))
      '@tiptap/extension-paragraph': 2.27.3(@tiptap/core@2.27.3(@tiptap/pm@2.27.3))
      '@tiptap/extension-strike': 2.27.3(@tiptap/core@2.27.3(@tiptap/pm@2.27.3))
      '@tiptap/extension-text': 2.27.3(@tiptap/core@2.27.3(@tiptap/pm@2.27.3))
      '@tiptap/extension-text-style': 2.27.3(@tiptap/core@2.27.3(@tiptap/pm@2.27.3))
      '@tiptap/pm': 2.27.3

  '@turbo/darwin-64@2.10.12':
    optional: true

  '@turbo/darwin-arm64@2.10.12':
    optional: true

  '@turbo/linux-64@2.10.12':
    optional: true

  '@turbo/linux-arm64@2.10.12':
    optional: true

  '@turbo/windows-64@2.10.12':
    optional: true

  '@turbo/windows-arm64@2.10.12':
    optional: true

  '@types/linkify-it@5.0.0': {}

  '@types/markdown-it@14.2.0':
    dependencies:
      '@types/linkify-it': 5.0.0
      '@types/mdurl': 2.0.0

  '@types/mdurl@2.0.0': {}

  argparse@2.0.1: {}

  crelt@1.0.7: {}

  entities@4.5.0: {}

  esbuild@0.24.2:
    optionalDependencies:
      '@esbuild/aix-ppc64': 0.24.2
      '@esbuild/android-arm': 0.24.2
      '@esbuild/android-arm64': 0.24.2
      '@esbuild/android-x64': 0.24.2
      '@esbuild/darwin-arm64': 0.24.2
      '@esbuild/darwin-x64': 0.24.2
      '@esbuild/freebsd-arm64': 0.24.2
      '@esbuild/freebsd-x64': 0.24.2
      '@esbuild/linux-arm': 0.24.2
      '@esbuild/linux-arm64': 0.24.2
      '@esbuild/linux-ia32': 0.24.2
      '@esbuild/linux-loong64': 0.24.2
      '@esbuild/linux-mips64el': 0.24.2
      '@esbuild/linux-ppc64': 0.24.2
      '@esbuild/linux-riscv64': 0.24.2
      '@esbuild/linux-s390x': 0.24.2
      '@esbuild/linux-x64': 0.24.2
      '@esbuild/netbsd-arm64': 0.24.2
      '@esbuild/netbsd-x64': 0.24.2
      '@esbuild/openbsd-arm64': 0.24.2
      '@esbuild/openbsd-x64': 0.24.2
      '@esbuild/sunos-x64': 0.24.2
      '@esbuild/win32-arm64': 0.24.2
      '@esbuild/win32-ia32': 0.24.2
      '@esbuild/win32-x64': 0.24.2

  escape-string-regexp@4.0.0: {}

  linkify-it@5.0.2:
    dependencies:
      uc.micro: 2.1.0

  linkifyjs@4.3.3: {}

  markdown-it@14.3.1:
    dependencies:
      argparse: 2.0.1
      entities: 4.5.0
      linkify-it: 5.0.2
      mdurl: 2.1.0
      punycode.js: 2.3.1
      uc.micro: 2.1.0

  mdurl@2.1.0: {}

  orderedmap@2.1.1: {}

  prosemirror-changeset@2.4.2:
    dependencies:
      prosemirror-transform: 1.12.1

  prosemirror-collab@1.3.1:
    dependencies:
      prosemirror-state: 1.4.4

  prosemirror-commands@1.7.2:
    dependencies:
      prosemirror-model: 1.25.11
      prosemirror-state: 1.4.4
      prosemirror-transform: 1.12.1

  prosemirror-dropcursor@1.8.3:
    dependencies:
      prosemirror-state: 1.4.4
      prosemirror-transform: 1.12.1
      prosemirror-view: 1.42.3

  prosemirror-gapcursor@1.4.1:
    dependencies:
      prosemirror-keymap: 1.2.3
      prosemirror-model: 1.25.11
      prosemirror-state: 1.4.4
      prosemirror-view: 1.42.3

  prosemirror-history@1.5.0:
    dependencies:
      prosemirror-state: 1.4.4
      prosemirror-transform: 1.12.1
      prosemirror-view: 1.42.3
      rope-sequence: 1.3.4

  prosemirror-inputrules@1.5.1:
    dependencies:
      prosemirror-state: 1.4.4
      prosemirror-transform: 1.12.1

  prosemirror-keymap@1.2.3:
    dependencies:
      prosemirror-state: 1.4.4
      w3c-keyname: 2.2.8

  prosemirror-markdown@1.13.7:
    dependencies:
      '@types/markdown-it': 14.2.0
      markdown-it: 14.3.1
      prosemirror-model: 1.25.11

  prosemirror-menu@1.3.2:
    dependencies:
      crelt: 1.0.7
      prosemirror-commands: 1.7.2
      prosemirror-history: 1.5.0
      prosemirror-state: 1.4.4

  prosemirror-model@1.25.11:
    dependencies:
      orderedmap: 2.1.1

  prosemirror-schema-basic@1.2.4:
    dependencies:
      prosemirror-model: 1.25.11

  prosemirror-schema-list@1.5.1:
    dependencies:
      prosemirror-model: 1.25.11
      prosemirror-state: 1.4.4
      prosemirror-transform: 1.12.1

  prosemirror-state@1.4.4:
    dependencies:
      prosemirror-model: 1.25.11
      prosemirror-transform: 1.12.1
      prosemirror-view: 1.42.3

  prosemirror-tables@1.8.5:
    dependencies:
      prosemirror-keymap: 1.2.3
      prosemirror-model: 1.25.11
      prosemirror-state: 1.4.4
      prosemirror-transform: 1.12.1
      prosemirror-view: 1.42.3

  prosemirror-trailing-node@3.0.0(prosemirror-model@1.25.11)(prosemirror-state@1.4.4)(prosemirror-view@1.42.3):
    dependencies:
      '@remirror/core-constants': 3.0.0
      escape-string-regexp: 4.0.0
      prosemirror-model: 1.25.11
      prosemirror-state: 1.4.4
      prosemirror-view: 1.42.3

  prosemirror-transform@1.12.1:
    dependencies:
      prosemirror-model: 1.25.11

  prosemirror-view@1.42.3:
    dependencies:
      prosemirror-model: 1.25.11
      prosemirror-state: 1.4.4
      prosemirror-transform: 1.12.1

  punycode.js@2.3.1: {}

  rope-sequence@1.3.4: {}

  turbo@2.10.12:
    optionalDependencies:
      '@turbo/darwin-64': 2.10.12
      '@turbo/darwin-arm64': 2.10.12
      '@turbo/linux-64': 2.10.12
      '@turbo/linux-arm64': 2.10.12
      '@turbo/windows-64': 2.10.12
      '@turbo/windows-arm64': 2.10.12

  uc.micro@2.1.0: {}

  w3c-keyname@2.2.8: {}
